
Microsoft Visual Studio Solution File, Format Version 12.00
# Visual Studio Version 17
VisualStudioVersion = 17.6.33801.468
MinimumVisualStudioVersion = 10.0.40219.1
Project("{FAE04EC0-301F-11D3-BF4B-00C04F79EFBC}") = "TwoFactorAuthenticatorDemo", "TwoFactorAuthenticatorDemo\TwoFactorAuthenticatorDemo.csproj", "{A0159D4F-D598-42FD-9DA5-E4D0A25A0FF5}"
EndProject
Global
	GlobalSection(SolutionConfigurationPlatforms) = preSolution
		Debug|Any CPU = Debug|Any CPU
		Release|Any CPU = Release|Any CPU
	EndGlobalSection
	GlobalSection(ProjectConfigurationPlatforms) = postSolution
		{A0159D4F-D598-42FD-9DA5-E4D0A25A0FF5}.Debug|Any CPU.ActiveCfg = Debug|Any CPU
		{A0159D4F-D598-42FD-9DA5-E4D0A25A0FF5}.Debug|Any CPU.Build.0 = Debug|Any CPU
		{A0159D4F-D598-42FD-9DA5-E4D0A25A0FF5}.Release|Any CPU.ActiveCfg = Release|Any CPU
		{A0159D4F-D598-42FD-9DA5-E4D0A25A0FF5}.Release|Any CPU.Build.0 = Release|Any CPU
	EndGlobalSection
	GlobalSection(SolutionProperties) = preSolution
		HideSolutionNode = FALSE
	EndGlobalSection
	GlobalSection(ExtensibilityGlobals) = postSolution
		SolutionGuid = {F3FBC12B-DEB6-4C41-A5D9-4BADE40D4DD2}
	EndGlobalSection
EndGlobal
